// !$*UTF8*$!
{
	archiveVersion = 1;
	classes = {
	};
	objectVersion = 46;
	objects = {

/* Begin PBXBuildFile section */
		95CBDB731BFD2B5F0065FC66 /* DeviceKit-iOS.h in Headers */ = {isa = PBXBuildFile; fileRef = 95CBDB721BFD2B5F0065FC66 /* DeviceKit-iOS.h */; settings = {ATTRIBUTES = (Public, ); }; };
		95CBDB7A1BFD2B5F0065FC66 /* DeviceKit.framework in Frameworks */ = {isa = PBXBuildFile; fileRef = 95CBDB6F1BFD2B5F0065FC66 /* DeviceKit.framework */; };
		95CBDB7F1BFD2B5F0065FC66 /* DeviceKit_iOSTests.swift in Sources */ = {isa = PBXBuildFile; fileRef = 95CBDB7E1BFD2B5F0065FC66 /* DeviceKit_iOSTests.swift */; };
		95CBDB8F1BFD2B720065FC66 /* DeviceKit-tvOS.h in Headers */ = {isa = PBXBuildFile; fileRef = 95CBDB8E1BFD2B720065FC66 /* DeviceKit-tvOS.h */; settings = {ATTRIBUTES = (Public, ); }; };
		95CBDB961BFD2B720065FC66 /* DeviceKit.framework in Frameworks */ = {isa = PBXBuildFile; fileRef = 95CBDB8C1BFD2B720065FC66 /* DeviceKit.framework */; };
		95CBDB9B1BFD2B720065FC66 /* DeviceKit_tvOSTests.swift in Sources */ = {isa = PBXBuildFile; fileRef = 95CBDB9A1BFD2B720065FC66 /* DeviceKit_tvOSTests.swift */; };
		95CBDBA51BFD2BCA0065FC66 /* Device.swift in Sources */ = {isa = PBXBuildFile; fileRef = 95CBDBA41BFD2BCA0065FC66 /* Device.swift */; };
		95CBDBA61BFD2BCA0065FC66 /* Device.swift in Sources */ = {isa = PBXBuildFile; fileRef = 95CBDBA41BFD2BCA0065FC66 /* Device.swift */; };
/* End PBXBuildFile section */

/* Begin PBXContainerItemProxy section */
		95CBDB7B1BFD2B5F0065FC66 /* PBXContainerItemProxy */ = {
			isa = PBXContainerItemProxy;
			containerPortal = 95CBDB641BFD2B440065FC66 /* Project object */;
			proxyType = 1;
			remoteGlobalIDString = 95CBDB6E1BFD2B5F0065FC66;
			remoteInfo = "DeviceKit-iOS";
		};
		95CBDB971BFD2B720065FC66 /* PBXContainerItemProxy */ = {
			isa = PBXContainerItemProxy;
			containerPortal = 95CBDB641BFD2B440065FC66 /* Project object */;
			proxyType = 1;
			remoteGlobalIDString = 95CBDB8B1BFD2B720065FC66;
			remoteInfo = "DeviceKit-tvOS";
		};
/* End PBXContainerItemProxy section */

/* Begin PBXFileReference section */
		957D18251C28C1E90067D203 /* README.md */ = {isa = PBXFileReference; lastKnownFileType = net.daringfireball.markdown; path = README.md; sourceTree = "<group>"; };
		957D18261C28C1F30067D203 /* DeviceKit.podspec */ = {isa = PBXFileReference; lastKnownFileType = text; path = DeviceKit.podspec; sourceTree = "<group>"; };
		957D18271C28C1FC0067D203 /* .travis.yml */ = {isa = PBXFileReference; lastKnownFileType = text; path = .travis.yml; sourceTree = "<group>"; };
		95CBDB6F1BFD2B5F0065FC66 /* DeviceKit.framework */ = {isa = PBXFileReference; explicitFileType = wrapper.framework; includeInIndex = 0; path = DeviceKit.framework; sourceTree = BUILT_PRODUCTS_DIR; };
		95CBDB721BFD2B5F0065FC66 /* DeviceKit-iOS.h */ = {isa = PBXFileReference; lastKnownFileType = sourcecode.c.h; path = "DeviceKit-iOS.h"; sourceTree = "<group>"; };
		95CBDB741BFD2B5F0065FC66 /* Info.plist */ = {isa = PBXFileReference; lastKnownFileType = text.plist.xml; path = Info.plist; sourceTree = "<group>"; };
		95CBDB791BFD2B5F0065FC66 /* DeviceKit-iOSTests.xctest */ = {isa = PBXFileReference; explicitFileType = wrapper.cfbundle; includeInIndex = 0; path = "DeviceKit-iOSTests.xctest"; sourceTree = BUILT_PRODUCTS_DIR; };
		95CBDB7E1BFD2B5F0065FC66 /* DeviceKit_iOSTests.swift */ = {isa = PBXFileReference; lastKnownFileType = sourcecode.swift; path = DeviceKit_iOSTests.swift; sourceTree = "<group>"; };
		95CBDB801BFD2B5F0065FC66 /* Info.plist */ = {isa = PBXFileReference; lastKnownFileType = text.plist.xml; path = Info.plist; sourceTree = "<group>"; };
		95CBDB8C1BFD2B720065FC66 /* DeviceKit.framework */ = {isa = PBXFileReference; explicitFileType = wrapper.framework; includeInIndex = 0; path = DeviceKit.framework; sourceTree = BUILT_PRODUCTS_DIR; };
		95CBDB8E1BFD2B720065FC66 /* DeviceKit-tvOS.h */ = {isa = PBXFileReference; lastKnownFileType = sourcecode.c.h; path = "DeviceKit-tvOS.h"; sourceTree = "<group>"; };
		95CBDB901BFD2B720065FC66 /* Info.plist */ = {isa = PBXFileReference; lastKnownFileType = text.plist.xml; path = Info.plist; sourceTree = "<group>"; };
		95CBDB951BFD2B720065FC66 /* DeviceKit-tvOSTests.xctest */ = {isa = PBXFileReference; explicitFileType = wrapper.cfbundle; includeInIndex = 0; path = "DeviceKit-tvOSTests.xctest"; sourceTree = BUILT_PRODUCTS_DIR; };
		95CBDB9A1BFD2B720065FC66 /* DeviceKit_tvOSTests.swift */ = {isa = PBXFileReference; lastKnownFileType = sourcecode.swift; path = DeviceKit_tvOSTests.swift; sourceTree = "<group>"; };
		95CBDB9C1BFD2B720065FC66 /* Info.plist */ = {isa = PBXFileReference; lastKnownFileType = text.plist.xml; path = Info.plist; sourceTree = "<group>"; };
		95CBDBA41BFD2BCA0065FC66 /* Device.swift */ = {isa = PBXFileReference; fileEncoding = 4; lastKnownFileType = sourcecode.swift; name = Device.swift; path = SharedCode/Device.swift; sourceTree = "<group>"; };
/* End PBXFileReference section */

/* Begin PBXFrameworksBuildPhase section */
		95CBDB6B1BFD2B5F0065FC66 /* Frameworks */ = {
			isa = PBXFrameworksBuildPhase;
			buildActionMask = 2147483647;
			files = (
			);
			runOnlyForDeploymentPostprocessing = 0;
		};
		95CBDB761BFD2B5F0065FC66 /* Frameworks */ = {
			isa = PBXFrameworksBuildPhase;
			buildActionMask = 2147483647;
			files = (
				95CBDB7A1BFD2B5F0065FC66 /* DeviceKit.framework in Frameworks */,
			);
			runOnlyForDeploymentPostprocessing = 0;
		};
		95CBDB881BFD2B720065FC66 /* Frameworks */ = {
			isa = PBXFrameworksBuildPhase;
			buildActionMask = 2147483647;
			files = (
			);
			runOnlyForDeploymentPostprocessing = 0;
		};
		95CBDB921BFD2B720065FC66 /* Frameworks */ = {
			isa = PBXFrameworksBuildPhase;
			buildActionMask = 2147483647;
			files = (
				95CBDB961BFD2B720065FC66 /* DeviceKit.framework in Frameworks */,
			);
			runOnlyForDeploymentPostprocessing = 0;
		};
/* End PBXFrameworksBuildPhase section */

/* Begin PBXGroup section */
		95CBDB631BFD2B440065FC66 = {
			isa = PBXGroup;
			children = (
				957D18251C28C1E90067D203 /* README.md */,
				957D18261C28C1F30067D203 /* DeviceKit.podspec */,
				957D18271C28C1FC0067D203 /* .travis.yml */,
				95CBDBA31BFD2BB80065FC66 /* Shared Code */,
				95CBDB711BFD2B5F0065FC66 /* DeviceKit-iOS */,
				95CBDB7D1BFD2B5F0065FC66 /* DeviceKit-iOSTests */,
				95CBDB8D1BFD2B720065FC66 /* DeviceKit-tvOS */,
				95CBDB991BFD2B720065FC66 /* DeviceKit-tvOSTests */,
				95CBDB701BFD2B5F0065FC66 /* Products */,
			);
			sourceTree = "<group>";
		};
		95CBDB701BFD2B5F0065FC66 /* Products */ = {
			isa = PBXGroup;
			children = (
				95CBDB6F1BFD2B5F0065FC66 /* DeviceKit.framework */,
				95CBDB791BFD2B5F0065FC66 /* DeviceKit-iOSTests.xctest */,
				95CBDB8C1BFD2B720065FC66 /* DeviceKit.framework */,
				95CBDB951BFD2B720065FC66 /* DeviceKit-tvOSTests.xctest */,
			);
			name = Products;
			sourceTree = "<group>";
		};
		95CBDB711BFD2B5F0065FC66 /* DeviceKit-iOS */ = {
			isa = PBXGroup;
			children = (
				95CBDB721BFD2B5F0065FC66 /* DeviceKit-iOS.h */,
				95CBDB741BFD2B5F0065FC66 /* Info.plist */,
			);
			path = "DeviceKit-iOS";
			sourceTree = "<group>";
		};
		95CBDB7D1BFD2B5F0065FC66 /* DeviceKit-iOSTests */ = {
			isa = PBXGroup;
			children = (
				95CBDB7E1BFD2B5F0065FC66 /* DeviceKit_iOSTests.swift */,
				95CBDB801BFD2B5F0065FC66 /* Info.plist */,
			);
			path = "DeviceKit-iOSTests";
			sourceTree = "<group>";
		};
		95CBDB8D1BFD2B720065FC66 /* DeviceKit-tvOS */ = {
			isa = PBXGroup;
			children = (
				95CBDB8E1BFD2B720065FC66 /* DeviceKit-tvOS.h */,
				95CBDB901BFD2B720065FC66 /* Info.plist */,
			);
			path = "DeviceKit-tvOS";
			sourceTree = "<group>";
		};
		95CBDB991BFD2B720065FC66 /* DeviceKit-tvOSTests */ = {
			isa = PBXGroup;
			children = (
				95CBDB9A1BFD2B720065FC66 /* DeviceKit_tvOSTests.swift */,
				95CBDB9C1BFD2B720065FC66 /* Info.plist */,
			);
			path = "DeviceKit-tvOSTests";
			sourceTree = "<group>";
		};
		95CBDBA31BFD2BB80065FC66 /* Shared Code */ = {
			isa = PBXGroup;
			children = (
				95CBDBA41BFD2BCA0065FC66 /* Device.swift */,
			);
			name = "Shared Code";
			sourceTree = "<group>";
		};
/* End PBXGroup section */

/* Begin PBXHeadersBuildPhase section */
		95CBDB6C1BFD2B5F0065FC66 /* Headers */ = {
			isa = PBXHeadersBuildPhase;
			buildActionMask = 2147483647;
			files = (
				95CBDB731BFD2B5F0065FC66 /* DeviceKit-iOS.h in Headers */,
			);
			runOnlyForDeploymentPostprocessing = 0;
		};
		95CBDB891BFD2B720065FC66 /* Headers */ = {
			isa = PBXHeadersBuildPhase;
			buildActionMask = 2147483647;
			files = (
				95CBDB8F1BFD2B720065FC66 /* DeviceKit-tvOS.h in Headers */,
			);
			runOnlyForDeploymentPostprocessing = 0;
		};
/* End PBXHeadersBuildPhase section */

/* Begin PBXNativeTarget section */
		95CBDB6E1BFD2B5F0065FC66 /* DeviceKit-iOS */ = {
			isa = PBXNativeTarget;
			buildConfigurationList = 95CBDB811BFD2B5F0065FC66 /* Build configuration list for PBXNativeTarget "DeviceKit-iOS" */;
			buildPhases = (
				95CBDB6A1BFD2B5F0065FC66 /* Sources */,
				95CBDB6B1BFD2B5F0065FC66 /* Frameworks */,
				95CBDB6C1BFD2B5F0065FC66 /* Headers */,
				95CBDB6D1BFD2B5F0065FC66 /* Resources */,
			);
			buildRules = (
			);
			dependencies = (
			);
			name = "DeviceKit-iOS";
			productName = "DeviceKit-iOS";
			productReference = 95CBDB6F1BFD2B5F0065FC66 /* DeviceKit.framework */;
			productType = "com.apple.product-type.framework";
		};
		95CBDB781BFD2B5F0065FC66 /* DeviceKit-iOSTests */ = {
			isa = PBXNativeTarget;
			buildConfigurationList = 95CBDB841BFD2B5F0065FC66 /* Build configuration list for PBXNativeTarget "DeviceKit-iOSTests" */;
			buildPhases = (
				95CBDB751BFD2B5F0065FC66 /* Sources */,
				95CBDB761BFD2B5F0065FC66 /* Frameworks */,
				95CBDB771BFD2B5F0065FC66 /* Resources */,
			);
			buildRules = (
			);
			dependencies = (
				95CBDB7C1BFD2B5F0065FC66 /* PBXTargetDependency */,
			);
			name = "DeviceKit-iOSTests";
			productName = "DeviceKit-iOSTests";
			productReference = 95CBDB791BFD2B5F0065FC66 /* DeviceKit-iOSTests.xctest */;
			productType = "com.apple.product-type.bundle.unit-test";
		};
		95CBDB8B1BFD2B720065FC66 /* DeviceKit-tvOS */ = {
			isa = PBXNativeTarget;
			buildConfigurationList = 95CBDB9D1BFD2B720065FC66 /* Build configuration list for PBXNativeTarget "DeviceKit-tvOS" */;
			buildPhases = (
				95CBDB871BFD2B720065FC66 /* Sources */,
				95CBDB881BFD2B720065FC66 /* Frameworks */,
				95CBDB891BFD2B720065FC66 /* Headers */,
				95CBDB8A1BFD2B720065FC66 /* Resources */,
			);
			buildRules = (
			);
			dependencies = (
			);
			name = "DeviceKit-tvOS";
			productName = "DeviceKit-tvOS";
			productReference = 95CBDB8C1BFD2B720065FC66 /* DeviceKit.framework */;
			productType = "com.apple.product-type.framework";
		};
		95CBDB941BFD2B720065FC66 /* DeviceKit-tvOSTests */ = {
			isa = PBXNativeTarget;
			buildConfigurationList = 95CBDBA01BFD2B720065FC66 /* Build configuration list for PBXNativeTarget "DeviceKit-tvOSTests" */;
			buildPhases = (
				95CBDB911BFD2B720065FC66 /* Sources */,
				95CBDB921BFD2B720065FC66 /* Frameworks */,
				95CBDB931BFD2B720065FC66 /* Resources */,
			);
			buildRules = (
			);
			dependencies = (
				95CBDB981BFD2B720065FC66 /* PBXTargetDependency */,
			);
			name = "DeviceKit-tvOSTests";
			productName = "DeviceKit-tvOSTests";
			productReference = 95CBDB951BFD2B720065FC66 /* DeviceKit-tvOSTests.xctest */;
			productType = "com.apple.product-type.bundle.unit-test";
		};
/* End PBXNativeTarget section */

/* Begin PBXProject section */
		95CBDB641BFD2B440065FC66 /* Project object */ = {
			isa = PBXProject;
			attributes = {
				LastSwiftUpdateCheck = 0710;
				LastUpgradeCheck = 0730;
				TargetAttributes = {
					95CBDB6E1BFD2B5F0065FC66 = {
						CreatedOnToolsVersion = 7.1.1;
					};
					95CBDB781BFD2B5F0065FC66 = {
						CreatedOnToolsVersion = 7.1.1;
					};
					95CBDB8B1BFD2B720065FC66 = {
						CreatedOnToolsVersion = 7.1.1;
					};
					95CBDB941BFD2B720065FC66 = {
						CreatedOnToolsVersion = 7.1.1;
					};
				};
			};
			buildConfigurationList = 95CBDB671BFD2B440065FC66 /* Build configuration list for PBXProject "DeviceKit" */;
			compatibilityVersion = "Xcode 3.2";
			developmentRegion = English;
			hasScannedForEncodings = 0;
			knownRegions = (
				en,
			);
			mainGroup = 95CBDB631BFD2B440065FC66;
			productRefGroup = 95CBDB701BFD2B5F0065FC66 /* Products */;
			projectDirPath = "";
			projectRoot = "";
			targets = (
				95CBDB6E1BFD2B5F0065FC66 /* DeviceKit-iOS */,
				95CBDB781BFD2B5F0065FC66 /* DeviceKit-iOSTests */,
				95CBDB8B1BFD2B720065FC66 /* DeviceKit-tvOS */,
				95CBDB941BFD2B720065FC66 /* DeviceKit-tvOSTests */,
			);
		};
/* End PBXProject section */

/* Begin PBXResourcesBuildPhase section */
		95CBDB6D1BFD2B5F0065FC66 /* Resources */ = {
			isa = PBXResourcesBuildPhase;
			buildActionMask = 2147483647;
			files = (
			);
			runOnlyForDeploymentPostprocessing = 0;
		};
		95CBDB771BFD2B5F0065FC66 /* Resources */ = {
			isa = PBXResourcesBuildPhase;
			buildActionMask = 2147483647;
			files = (
			);
			runOnlyForDeploymentPostprocessing = 0;
		};
		95CBDB8A1BFD2B720065FC66 /* Resources */ = {
			isa = PBXResourcesBuildPhase;
			buildActionMask = 2147483647;
			files = (
			);
			runOnlyForDeploymentPostprocessing = 0;
		};
		95CBDB931BFD2B720065FC66 /* Resources */ = {
			isa = PBXResourcesBuildPhase;
			buildActionMask = 2147483647;
			files = (
			);
			runOnlyForDeploymentPostprocessing = 0;
		};
/* End PBXResourcesBuildPhase section */

/* Begin PBXSourcesBuildPhase section */
		95CBDB6A1BFD2B5F0065FC66 /* Sources */ = {
			isa = PBXSourcesBuildPhase;
			buildActionMask = 2147483647;
			files = (
				95CBDBA51BFD2BCA0065FC66 /* Device.swift in Sources */,
			);
			runOnlyForDeploymentPostprocessing = 0;
		};
		95CBDB751BFD2B5F0065FC66 /* Sources */ = {
			isa = PBXSourcesBuildPhase;
			buildActionMask = 2147483647;
			files = (
				95CBDB7F1BFD2B5F0065FC66 /* DeviceKit_iOSTests.swift in Sources */,
			);
			runOnlyForDeploymentPostprocessing = 0;
		};
		95CBDB871BFD2B720065FC66 /* Sources */ = {
			isa = PBXSourcesBuildPhase;
			buildActionMask = 2147483647;
			files = (
				95CBDBA61BFD2BCA0065FC66 /* Device.swift in Sources */,
			);
			runOnlyForDeploymentPostprocessing = 0;
		};
		95CBDB911BFD2B720065FC66 /* Sources */ = {
			isa = PBXSourcesBuildPhase;
			buildActionMask = 2147483647;
			files = (
				95CBDB9B1BFD2B720065FC66 /* DeviceKit_tvOSTests.swift in Sources */,
			);
			runOnlyForDeploymentPostprocessing = 0;
		};
/* End PBXSourcesBuildPhase section */

/* Begin PBXTargetDependency section */
		95CBDB7C1BFD2B5F0065FC66 /* PBXTargetDependency */ = {
			isa = PBXTargetDependency;
			target = 95CBDB6E1BFD2B5F0065FC66 /* DeviceKit-iOS */;
			targetProxy = 95CBDB7B1BFD2B5F0065FC66 /* PBXContainerItemProxy */;
		};
		95CBDB981BFD2B720065FC66 /* PBXTargetDependency */ = {
			isa = PBXTargetDependency;
			target = 95CBDB8B1BFD2B720065FC66 /* DeviceKit-tvOS */;
			targetProxy = 95CBDB971BFD2B720065FC66 /* PBXContainerItemProxy */;
		};
/* End PBXTargetDependency section */

/* Begin XCBuildConfiguration section */
		95CBDB681BFD2B440065FC66 /* Debug */ = {
			isa = XCBuildConfiguration;
			buildSettings = {
				ENABLE_TESTABILITY = YES;
				ONLY_ACTIVE_ARCH = YES;
			};
			name = Debug;
		};
		95CBDB691BFD2B440065FC66 /* Release */ = {
			isa = XCBuildConfiguration;
			buildSettings = {
			};
			name = Release;
		};
		95CBDB821BFD2B5F0065FC66 /* Debug */ = {
			isa = XCBuildConfiguration;
			buildSettings = {
				ALWAYS_SEARCH_USER_PATHS = NO;
				CLANG_CXX_LANGUAGE_STANDARD = "gnu++0x";
				CLANG_CXX_LIBRARY = "libc++";
				CLANG_ENABLE_MODULES = YES;
				CLANG_ENABLE_OBJC_ARC = YES;
				CLANG_WARN_BOOL_CONVERSION = YES;
				CLANG_WARN_CONSTANT_CONVERSION = YES;
				CLANG_WARN_DIRECT_OBJC_ISA_USAGE = YES_ERROR;
				CLANG_WARN_EMPTY_BODY = YES;
				CLANG_WARN_ENUM_CONVERSION = YES;
				CLANG_WARN_INT_CONVERSION = YES;
				CLANG_WARN_OBJC_ROOT_CLASS = YES_ERROR;
				CLANG_WARN_UNREACHABLE_CODE = YES;
				CLANG_WARN__DUPLICATE_METHOD_MATCH = YES;
				"CODE_SIGN_IDENTITY[sdk=iphoneos*]" = "iPhone Developer";
				COPY_PHASE_STRIP = NO;
				CURRENT_PROJECT_VERSION = 1;
				DEBUG_INFORMATION_FORMAT = dwarf;
				DEFINES_MODULE = YES;
				DYLIB_COMPATIBILITY_VERSION = 1;
				DYLIB_CURRENT_VERSION = 1;
				DYLIB_INSTALL_NAME_BASE = "@rpath";
				ENABLE_STRICT_OBJC_MSGSEND = YES;
				ENABLE_TESTABILITY = YES;
				GCC_C_LANGUAGE_STANDARD = gnu99;
				GCC_DYNAMIC_NO_PIC = NO;
				GCC_NO_COMMON_BLOCKS = YES;
				GCC_OPTIMIZATION_LEVEL = 0;
				GCC_PREPROCESSOR_DEFINITIONS = (
					"DEBUG=1",
					"$(inherited)",
				);
				GCC_WARN_64_TO_32_BIT_CONVERSION = YES;
				GCC_WARN_ABOUT_RETURN_TYPE = YES_ERROR;
				GCC_WARN_UNDECLARED_SELECTOR = YES;
				GCC_WARN_UNINITIALIZED_AUTOS = YES_AGGRESSIVE;
				GCC_WARN_UNUSED_FUNCTION = YES;
				GCC_WARN_UNUSED_VARIABLE = YES;
				INFOPLIST_FILE = "DeviceKit-iOS/Info.plist";
				INSTALL_PATH = "$(LOCAL_LIBRARY_DIR)/Frameworks";
				IPHONEOS_DEPLOYMENT_TARGET = 8.0;
				LD_RUNPATH_SEARCH_PATHS = "$(inherited) @executable_path/Frameworks @loader_path/Frameworks";
				MTL_ENABLE_DEBUG_INFO = YES;
				ONLY_ACTIVE_ARCH = YES;
				PRODUCT_BUNDLE_IDENTIFIER = "com.hotactionstudios.DeviceKit-iOS";
				PRODUCT_MODULE_NAME = DeviceKit;
				PRODUCT_NAME = DeviceKit;
				SDKROOT = iphoneos;
				SKIP_INSTALL = YES;
				SWIFT_OPTIMIZATION_LEVEL = "-Onone";
				TARGETED_DEVICE_FAMILY = "1,2";
				VERSIONING_SYSTEM = "apple-generic";
				VERSION_INFO_PREFIX = "";
			};
			name = Debug;
		};
		95CBDB831BFD2B5F0065FC66 /* Release */ = {
			isa = XCBuildConfiguration;
			buildSettings = {
				ALWAYS_SEARCH_USER_PATHS = NO;
				CLANG_CXX_LANGUAGE_STANDARD = "gnu++0x";
				CLANG_CXX_LIBRARY = "libc++";
				CLANG_ENABLE_MODULES = YES;
				CLANG_ENABLE_OBJC_ARC = YES;
				CLANG_WARN_BOOL_CONVERSION = YES;
				CLANG_WARN_CONSTANT_CONVERSION = YES;
				CLANG_WARN_DIRECT_OBJC_ISA_USAGE = YES_ERROR;
				CLANG_WARN_EMPTY_BODY = YES;
				CLANG_WARN_ENUM_CONVERSION = YES;
				CLANG_WARN_INT_CONVERSION = YES;
				CLANG_WARN_OBJC_ROOT_CLASS = YES_ERROR;
				CLANG_WARN_UNREACHABLE_CODE = YES;
				CLANG_WARN__DUPLICATE_METHOD_MATCH = YES;
				"CODE_SIGN_IDENTITY[sdk=iphoneos*]" = "iPhone Developer";
				COPY_PHASE_STRIP = NO;
				CURRENT_PROJECT_VERSION = 1;
				DEBUG_INFORMATION_FORMAT = "dwarf-with-dsym";
				DEFINES_MODULE = YES;
				DYLIB_COMPATIBILITY_VERSION = 1;
				DYLIB_CURRENT_VERSION = 1;
				DYLIB_INSTALL_NAME_BASE = "@rpath";
				ENABLE_NS_ASSERTIONS = NO;
				ENABLE_STRICT_OBJC_MSGSEND = YES;
				GCC_C_LANGUAGE_STANDARD = gnu99;
				GCC_NO_COMMON_BLOCKS = YES;
				GCC_WARN_64_TO_32_BIT_CONVERSION = YES;
				GCC_WARN_ABOUT_RETURN_TYPE = YES_ERROR;
				GCC_WARN_UNDECLARED_SELECTOR = YES;
				GCC_WARN_UNINITIALIZED_AUTOS = YES_AGGRESSIVE;
				GCC_WARN_UNUSED_FUNCTION = YES;
				GCC_WARN_UNUSED_VARIABLE = YES;
				INFOPLIST_FILE = "DeviceKit-iOS/Info.plist";
				INSTALL_PATH = "$(LOCAL_LIBRARY_DIR)/Frameworks";
				IPHONEOS_DEPLOYMENT_TARGET = 8.0;
				LD_RUNPATH_SEARCH_PATHS = "$(inherited) @executable_path/Frameworks @loader_path/Frameworks";
				MTL_ENABLE_DEBUG_INFO = NO;
				PRODUCT_BUNDLE_IDENTIFIER = "com.hotactionstudios.DeviceKit-iOS";
				PRODUCT_MODULE_NAME = DeviceKit;
				PRODUCT_NAME = DeviceKit;
				SDKROOT = iphoneos;
				SKIP_INSTALL = YES;
				TARGETED_DEVICE_FAMILY = "1,2";
				VALIDATE_PRODUCT = YES;
				VERSIONING_SYSTEM = "apple-generic";
				VERSION_INFO_PREFIX = "";
			};
			name = Release;
		};
		95CBDB851BFD2B5F0065FC66 /* Debug */ = {
			isa = XCBuildConfiguration;
			buildSettings = {
				ALWAYS_SEARCH_USER_PATHS = NO;
				CLANG_CXX_LANGUAGE_STANDARD = "gnu++0x";
				CLANG_CXX_LIBRARY = "libc++";
				CLANG_ENABLE_MODULES = YES;
				CLANG_ENABLE_OBJC_ARC = YES;
				CLANG_WARN_BOOL_CONVERSION = YES;
				CLANG_WARN_CONSTANT_CONVERSION = YES;
				CLANG_WARN_DIRECT_OBJC_ISA_USAGE = YES_ERROR;
				CLANG_WARN_EMPTY_BODY = YES;
				CLANG_WARN_ENUM_CONVERSION = YES;
				CLANG_WARN_INT_CONVERSION = YES;
				CLANG_WARN_OBJC_ROOT_CLASS = YES_ERROR;
				CLANG_WARN_UNREACHABLE_CODE = YES;
				CLANG_WARN__DUPLICATE_METHOD_MATCH = YES;
				"CODE_SIGN_IDENTITY[sdk=iphoneos*]" = "iPhone Developer";
				COPY_PHASE_STRIP = NO;
				DEBUG_INFORMATION_FORMAT = dwarf;
				ENABLE_STRICT_OBJC_MSGSEND = YES;
				ENABLE_TESTABILITY = YES;
				GCC_C_LANGUAGE_STANDARD = gnu99;
				GCC_DYNAMIC_NO_PIC = NO;
				GCC_NO_COMMON_BLOCKS = YES;
				GCC_OPTIMIZATION_LEVEL = 0;
				GCC_PREPROCESSOR_DEFINITIONS = (
					"DEBUG=1",
					"$(inherited)",
				);
				GCC_WARN_64_TO_32_BIT_CONVERSION = YES;
				GCC_WARN_ABOUT_RETURN_TYPE = YES_ERROR;
				GCC_WARN_UNDECLARED_SELECTOR = YES;
				GCC_WARN_UNINITIALIZED_AUTOS = YES_AGGRESSIVE;
				GCC_WARN_UNUSED_FUNCTION = YES;
				GCC_WARN_UNUSED_VARIABLE = YES;
				INFOPLIST_FILE = "DeviceKit-iOSTests/Info.plist";
				IPHONEOS_DEPLOYMENT_TARGET = 9.1;
				LD_RUNPATH_SEARCH_PATHS = "$(inherited) @executable_path/Frameworks @loader_path/Frameworks";
				MTL_ENABLE_DEBUG_INFO = YES;
				ONLY_ACTIVE_ARCH = YES;
				PRODUCT_BUNDLE_IDENTIFIER = "com.hotactionstudios.DeviceKit-iOSTests";
				PRODUCT_NAME = "$(TARGET_NAME)";
				SDKROOT = iphoneos;
				SWIFT_OPTIMIZATION_LEVEL = "-Onone";
			};
			name = Debug;
		};
		95CBDB861BFD2B5F0065FC66 /* Release */ = {
			isa = XCBuildConfiguration;
			buildSettings = {
				ALWAYS_SEARCH_USER_PATHS = NO;
				CLANG_CXX_LANGUAGE_STANDARD = "gnu++0x";
				CLANG_CXX_LIBRARY = "libc++";
				CLANG_ENABLE_MODULES = YES;
				CLANG_ENABLE_OBJC_ARC = YES;
				CLANG_WARN_BOOL_CONVERSION = YES;
				CLANG_WARN_CONSTANT_CONVERSION = YES;
				CLANG_WARN_DIRECT_OBJC_ISA_USAGE = YES_ERROR;
				CLANG_WARN_EMPTY_BODY = YES;
				CLANG_WARN_ENUM_CONVERSION = YES;
				CLANG_WARN_INT_CONVERSION = YES;
				CLANG_WARN_OBJC_ROOT_CLASS = YES_ERROR;
				CLANG_WARN_UNREACHABLE_CODE = YES;
				CLANG_WARN__DUPLICATE_METHOD_MATCH = YES;
				"CODE_SIGN_IDENTITY[sdk=iphoneos*]" = "iPhone Developer";
				COPY_PHASE_STRIP = NO;
				DEBUG_INFORMATION_FORMAT = "dwarf-with-dsym";
				ENABLE_NS_ASSERTIONS = NO;
				ENABLE_STRICT_OBJC_MSGSEND = YES;
				GCC_C_LANGUAGE_STANDARD = gnu99;
				GCC_NO_COMMON_BLOCKS = YES;
				GCC_WARN_64_TO_32_BIT_CONVERSION = YES;
				GCC_WARN_ABOUT_RETURN_TYPE = YES_ERROR;
				GCC_WARN_UNDECLARED_SELECTOR = YES;
				GCC_WARN_UNINITIALIZED_AUTOS = YES_AGGRESSIVE;
				GCC_WARN_UNUSED_FUNCTION = YES;
				GCC_WARN_UNUSED_VARIABLE = YES;
				INFOPLIST_FILE = "DeviceKit-iOSTests/Info.plist";
				IPHONEOS_DEPLOYMENT_TARGET = 9.1;
				LD_RUNPATH_SEARCH_PATHS = "$(inherited) @executable_path/Frameworks @loader_path/Frameworks";
				MTL_ENABLE_DEBUG_INFO = NO;
				PRODUCT_BUNDLE_IDENTIFIER = "com.hotactionstudios.DeviceKit-iOSTests";
				PRODUCT_NAME = "$(TARGET_NAME)";
				SDKROOT = iphoneos;
				VALIDATE_PRODUCT = YES;
			};
			name = Release;
		};
		95CBDB9E1BFD2B720065FC66 /* Debug */ = {
			isa = XCBuildConfiguration;
			buildSettings = {
				ALWAYS_SEARCH_USER_PATHS = NO;
				CLANG_CXX_LANGUAGE_STANDARD = "gnu++0x";
				CLANG_CXX_LIBRARY = "libc++";
				CLANG_ENABLE_MODULES = YES;
				CLANG_ENABLE_OBJC_ARC = YES;
				CLANG_WARN_BOOL_CONVERSION = YES;
				CLANG_WARN_CONSTANT_CONVERSION = YES;
				CLANG_WARN_DIRECT_OBJC_ISA_USAGE = YES_ERROR;
				CLANG_WARN_EMPTY_BODY = YES;
				CLANG_WARN_ENUM_CONVERSION = YES;
				CLANG_WARN_INT_CONVERSION = YES;
				CLANG_WARN_OBJC_ROOT_CLASS = YES_ERROR;
				CLANG_WARN_UNREACHABLE_CODE = YES;
				CLANG_WARN__DUPLICATE_METHOD_MATCH = YES;
				COPY_PHASE_STRIP = NO;
				CURRENT_PROJECT_VERSION = 1;
				DEBUG_INFORMATION_FORMAT = dwarf;
				DEFINES_MODULE = YES;
				DYLIB_COMPATIBILITY_VERSION = 1;
				DYLIB_CURRENT_VERSION = 1;
				DYLIB_INSTALL_NAME_BASE = "@rpath";
				ENABLE_STRICT_OBJC_MSGSEND = YES;
				ENABLE_TESTABILITY = YES;
				GCC_C_LANGUAGE_STANDARD = gnu99;
				GCC_DYNAMIC_NO_PIC = NO;
				GCC_NO_COMMON_BLOCKS = YES;
				GCC_OPTIMIZATION_LEVEL = 0;
				GCC_PREPROCESSOR_DEFINITIONS = (
					"DEBUG=1",
					"$(inherited)",
				);
				GCC_WARN_64_TO_32_BIT_CONVERSION = YES;
				GCC_WARN_ABOUT_RETURN_TYPE = YES_ERROR;
				GCC_WARN_UNDECLARED_SELECTOR = YES;
				GCC_WARN_UNINITIALIZED_AUTOS = YES_AGGRESSIVE;
				GCC_WARN_UNUSED_FUNCTION = YES;
				GCC_WARN_UNUSED_VARIABLE = YES;
				INFOPLIST_FILE = "DeviceKit-tvOS/Info.plist";
				INSTALL_PATH = "$(LOCAL_LIBRARY_DIR)/Frameworks";
				LD_RUNPATH_SEARCH_PATHS = "$(inherited) @executable_path/Frameworks @loader_path/Frameworks";
				MTL_ENABLE_DEBUG_INFO = YES;
				ONLY_ACTIVE_ARCH = YES;
				PRODUCT_BUNDLE_IDENTIFIER = "com.hotactionstudios.DeviceKit-tvOS";
				PRODUCT_MODULE_NAME = DeviceKit;
				PRODUCT_NAME = DeviceKit;
				SDKROOT = appletvos;
				SKIP_INSTALL = YES;
				SWIFT_OPTIMIZATION_LEVEL = "-Onone";
				TARGETED_DEVICE_FAMILY = 3;
				TVOS_DEPLOYMENT_TARGET = 9.0;
				VERSIONING_SYSTEM = "apple-generic";
				VERSION_INFO_PREFIX = "";
			};
			name = Debug;
		};
		95CBDB9F1BFD2B720065FC66 /* Release */ = {
			isa = XCBuildConfiguration;
			buildSettings = {
				ALWAYS_SEARCH_USER_PATHS = NO;
				CLANG_CXX_LANGUAGE_STANDARD = "gnu++0x";
				CLANG_CXX_LIBRARY = "libc++";
				CLANG_ENABLE_MODULES = YES;
				CLANG_ENABLE_OBJC_ARC = YES;
				CLANG_WARN_BOOL_CONVERSION = YES;
				CLANG_WARN_CONSTANT_CONVERSION = YES;
				CLANG_WARN_DIRECT_OBJC_ISA_USAGE = YES_ERROR;
				CLANG_WARN_EMPTY_BODY = YES;
				CLANG_WARN_ENUM_CONVERSION = YES;
				CLANG_WARN_INT_CONVERSION = YES;
				CLANG_WARN_OBJC_ROOT_CLASS = YES_ERROR;
				CLANG_WARN_UNREACHABLE_CODE = YES;
				CLANG_WARN__DUPLICATE_METHOD_MATCH = YES;
				COPY_PHASE_STRIP = NO;
				CURRENT_PROJECT_VERSION = 1;
				DEBUG_INFORMATION_FORMAT = "dwarf-with-dsym";
				DEFINES_MODULE = YES;
				DYLIB_COMPATIBILITY_VERSION = 1;
				DYLIB_CURRENT_VERSION = 1;
				DYLIB_INSTALL_NAME_BASE = "@rpath";
				ENABLE_NS_ASSERTIONS = NO;
				ENABLE_STRICT_OBJC_MSGSEND = YES;
				GCC_C_LANGUAGE_STANDARD = gnu99;
				GCC_NO_COMMON_BLOCKS = YES;
				GCC_WARN_64_TO_32_BIT_CONVERSION = YES;
				GCC_WARN_ABOUT_RETURN_TYPE = YES_ERROR;
				GCC_WARN_UNDECLARED_SELECTOR = YES;
				GCC_WARN_UNINITIALIZED_AUTOS = YES_AGGRESSIVE;
				GCC_WARN_UNUSED_FUNCTION = YES;
				GCC_WARN_UNUSED_VARIABLE = YES;
				INFOPLIST_FILE = "DeviceKit-tvOS/Info.plist";
				INSTALL_PATH = "$(LOCAL_LIBRARY_DIR)/Frameworks";
				LD_RUNPATH_SEARCH_PATHS = "$(inherited) @executable_path/Frameworks @loader_path/Frameworks";
				MTL_ENABLE_DEBUG_INFO = NO;
				PRODUCT_BUNDLE_IDENTIFIER = "com.hotactionstudios.DeviceKit-tvOS";
				PRODUCT_MODULE_NAME = DeviceKit;
				PRODUCT_NAME = DeviceKit;
				SDKROOT = appletvos;
				SKIP_INSTALL = YES;
				TARGETED_DEVICE_FAMILY = 3;
				TVOS_DEPLOYMENT_TARGET = 9.0;
				VALIDATE_PRODUCT = YES;
				VERSIONING_SYSTEM = "apple-generic";
				VERSION_INFO_PREFIX = "";
			};
			name = Release;
		};
		95CBDBA11BFD2B720065FC66 /* Debug */ = {
			isa = XCBuildConfiguration;
			buildSettings = {
				ALWAYS_SEARCH_USER_PATHS = NO;
				CLANG_CXX_LANGUAGE_STANDARD = "gnu++0x";
				CLANG_CXX_LIBRARY = "libc++";
				CLANG_ENABLE_MODULES = YES;
				CLANG_ENABLE_OBJC_ARC = YES;
				CLANG_WARN_BOOL_CONVERSION = YES;
				CLANG_WARN_CONSTANT_CONVERSION = YES;
				CLANG_WARN_DIRECT_OBJC_ISA_USAGE = YES_ERROR;
				CLANG_WARN_EMPTY_BODY = YES;
				CLANG_WARN_ENUM_CONVERSION = YES;
				CLANG_WARN_INT_CONVERSION = YES;
				CLANG_WARN_OBJC_ROOT_CLASS = YES_ERROR;
				CLANG_WARN_UNREACHABLE_CODE = YES;
				CLANG_WARN__DUPLICATE_METHOD_MATCH = YES;
				COPY_PHASE_STRIP = NO;
				DEBUG_INFORMATION_FORMAT = dwarf;
				ENABLE_STRICT_OBJC_MSGSEND = YES;
				ENABLE_TESTABILITY = YES;
				GCC_C_LANGUAGE_STANDARD = gnu99;
				GCC_DYNAMIC_NO_PIC = NO;
				GCC_NO_COMMON_BLOCKS = YES;
				GCC_OPTIMIZATION_LEVEL = 0;
				GCC_PREPROCESSOR_DEFINITIONS = (
					"DEBUG=1",
					"$(inherited)",
				);
				GCC_WARN_64_TO_32_BIT_CONVERSION = YES;
				GCC_WARN_ABOUT_RETURN_TYPE = YES_ERROR;
				GCC_WARN_UNDECLARED_SELECTOR = YES;
				GCC_WARN_UNINITIALIZED_AUTOS = YES_AGGRESSIVE;
				GCC_WARN_UNUSED_FUNCTION = YES;
				GCC_WARN_UNUSED_VARIABLE = YES;
				INFOPLIST_FILE = "DeviceKit-tvOSTests/Info.plist";
				LD_RUNPATH_SEARCH_PATHS = "$(inherited) @executable_path/Frameworks @loader_path/Frameworks";
				MTL_ENABLE_DEBUG_INFO = YES;
				ONLY_ACTIVE_ARCH = YES;
				PRODUCT_BUNDLE_IDENTIFIER = "com.hotactionstudios.DeviceKit-tvOSTests";
				PRODUCT_NAME = "$(TARGET_NAME)";
				SDKROOT = appletvos;
				SWIFT_OPTIMIZATION_LEVEL = "-Onone";
				TVOS_DEPLOYMENT_TARGET = 9.0;
			};
			name = Debug;
		};
		95CBDBA21BFD2B720065FC66 /* Release */ = {
			isa = XCBuildConfiguration;
			buildSettings = {
				ALWAYS_SEARCH_USER_PATHS = NO;
				CLANG_CXX_LANGUAGE_STANDARD = "gnu++0x";
				CLANG_CXX_LIBRARY = "libc++";
				CLANG_ENABLE_MODULES = YES;
				CLANG_ENABLE_OBJC_ARC = YES;
				CLANG_WARN_BOOL_CONVERSION = YES;
				CLANG_WARN_CONSTANT_CONVERSION = YES;
				CLANG_WARN_DIRECT_OBJC_ISA_USAGE = YES_ERROR;
				CLANG_WARN_EMPTY_BODY = YES;
				CLANG_WARN_ENUM_CONVERSION = YES;
				CLANG_WARN_INT_CONVERSION = YES;
				CLANG_WARN_OBJC_ROOT_CLASS = YES_ERROR;
				CLANG_WARN_UNREACHABLE_CODE = YES;
				CLANG_WARN__DUPLICATE_METHOD_MATCH = YES;
				COPY_PHASE_STRIP = NO;
				DEBUG_INFORMATION_FORMAT = "dwarf-with-dsym";
				ENABLE_NS_ASSERTIONS = NO;
				ENABLE_STRICT_OBJC_MSGSEND = YES;
				GCC_C_LANGUAGE_STANDARD = gnu99;
				GCC_NO_COMMON_BLOCKS = YES;
				GCC_WARN_64_TO_32_BIT_CONVERSION = YES;
				GCC_WARN_ABOUT_RETURN_TYPE = YES_ERROR;
				GCC_WARN_UNDECLARED_SELECTOR = YES;
				GCC_WARN_UNINITIALIZED_AUTOS = YES_AGGRESSIVE;
				GCC_WARN_UNUSED_FUNCTION = YES;
				GCC_WARN_UNUSED_VARIABLE = YES;
				INFOPLIST_FILE = "DeviceKit-tvOSTests/Info.plist";
				LD_RUNPATH_SEARCH_PATHS = "$(inherited) @executable_path/Frameworks @loader_path/Frameworks";
				MTL_ENABLE_DEBUG_INFO = NO;
				PRODUCT_BUNDLE_IDENTIFIER = "com.hotactionstudios.DeviceKit-tvOSTests";
				PRODUCT_NAME = "$(TARGET_NAME)";
				SDKROOT = appletvos;
				TVOS_DEPLOYMENT_TARGET = 9.0;
				VALIDATE_PRODUCT = YES;
			};
			name = Release;
		};
/* End XCBuildConfiguration section */

/* Begin XCConfigurationList section */
		95CBDB671BFD2B440065FC66 /* Build configuration list for PBXProject "DeviceKit" */ = {
			isa = XCConfigurationList;
			buildConfigurations = (
				95CBDB681BFD2B440065FC66 /* Debug */,
				95CBDB691BFD2B440065FC66 /* Release */,
			);
			defaultConfigurationIsVisible = 0;
			defaultConfigurationName = Release;
		};
		95CBDB811BFD2B5F0065FC66 /* Build configuration list for PBXNativeTarget "DeviceKit-iOS" */ = {
			isa = XCConfigurationList;
			buildConfigurations = (
				95CBDB821BFD2B5F0065FC66 /* Debug */,
				95CBDB831BFD2B5F0065FC66 /* Release */,
			);
			defaultConfigurationIsVisible = 0;
			defaultConfigurationName = Release;
		};
		95CBDB841BFD2B5F0065FC66 /* Build configuration list for PBXNativeTarget "DeviceKit-iOSTests" */ = {
			isa = XCConfigurationList;
			buildConfigurations = (
				95CBDB851BFD2B5F0065FC66 /* Debug */,
				95CBDB861BFD2B5F0065FC66 /* Release */,
			);
			defaultConfigurationIsVisible = 0;
			defaultConfigurationName = Release;
		};
		95CBDB9D1BFD2B720065FC66 /* Build configuration list for PBXNativeTarget "DeviceKit-tvOS" */ = {
			isa = XCConfigurationList;
			buildConfigurations = (
				95CBDB9E1BFD2B720065FC66 /* Debug */,
				95CBDB9F1BFD2B720065FC66 /* Release */,
			);
			defaultConfigurationIsVisible = 0;
			defaultConfigurationName = Release;
		};
		95CBDBA01BFD2B720065FC66 /* Build configuration list for PBXNativeTarget "DeviceKit-tvOSTests" */ = {
			isa = XCConfigurationList;
			buildConfigurations = (
				95CBDBA11BFD2B720065FC66 /* Debug */,
				95CBDBA21BFD2B720065FC66 /* Release */,
			);
			defaultConfigurationIsVisible = 0;
			defaultConfigurationName = Release;
		};
/* End XCConfigurationList section */
	};
	rootObject = 95CBDB641BFD2B440065FC66 /* Project object */;
}
