// !$*UTF8*$!
{
	archiveVersion = 1;
	classes = {
	};
	objectVersion = 50;
	objects = {

/* Begin PBXBuildFile section */
		233BF1F95DEC65ECE2B10A66 /* Pods_CocoaPodsVerification.framework in Frameworks */ = {isa = PBXBuildFile; fileRef = FDFBCB334C19EE4A85AE94F5 /* Pods_CocoaPodsVerification.framework */; };
		D2FA27A322492105001F11FF /* AppDelegate.swift in Sources */ = {isa = PBXBuildFile; fileRef = D2FA27A222492105001F11FF /* AppDelegate.swift */; };
		D2FA27A522492105001F11FF /* ViewController.swift in Sources */ = {isa = PBXBuildFile; fileRef = D2FA27A422492105001F11FF /* ViewController.swift */; };
		D2FA27A822492105001F11FF /* Main.storyboard in Resources */ = {isa = PBXBuildFile; fileRef = D2FA27A622492105001F11FF /* Main.storyboard */; };
		D2FA27AA22492107001F11FF /* Assets.xcassets in Resources */ = {isa = PBXBuildFile; fileRef = D2FA27A922492107001F11FF /* Assets.xcassets */; };
		D2FA27AD22492107001F11FF /* LaunchScreen.storyboard in Resources */ = {isa = PBXBuildFile; fileRef = D2FA27AB22492107001F11FF /* LaunchScreen.storyboard */; };
/* End PBXBuildFile section */

/* Begin PBXFileReference section */
		46D1E5416D657627F7E575B3 /* Pods-CocoaPodsVerification.debug.xcconfig */ = {isa = PBXFileReference; includeInIndex = 1; lastKnownFileType = text.xcconfig; name = "Pods-CocoaPodsVerification.debug.xcconfig"; path = "Target Support Files/Pods-CocoaPodsVerification/Pods-CocoaPodsVerification.debug.xcconfig"; sourceTree = "<group>"; };
		B744F2E996658443BF0ACA87 /* Pods-CocoaPodsVerification.release.xcconfig */ = {isa = PBXFileReference; includeInIndex = 1; lastKnownFileType = text.xcconfig; name = "Pods-CocoaPodsVerification.release.xcconfig"; path = "Target Support Files/Pods-CocoaPodsVerification/Pods-CocoaPodsVerification.release.xcconfig"; sourceTree = "<group>"; };
		D2FA279F22492105001F11FF /* CocoaPodsVerification.app */ = {isa = PBXFileReference; explicitFileType = wrapper.application; includeInIndex = 0; path = CocoaPodsVerification.app; sourceTree = BUILT_PRODUCTS_DIR; };
		D2FA27A222492105001F11FF /* AppDelegate.swift */ = {isa = PBXFileReference; lastKnownFileType = sourcecode.swift; path = AppDelegate.swift; sourceTree = "<group>"; };
		D2FA27A422492105001F11FF /* ViewController.swift */ = {isa = PBXFileReference; lastKnownFileType = sourcecode.swift; path = ViewController.swift; sourceTree = "<group>"; };
		D2FA27A722492105001F11FF /* Base */ = {isa = PBXFileReference; lastKnownFileType = file.storyboard; name = Base; path = Base.lproj/Main.storyboard; sourceTree = "<group>"; };
		D2FA27A922492107001F11FF /* Assets.xcassets */ = {isa = PBXFileReference; lastKnownFileType = folder.assetcatalog; path = Assets.xcassets; sourceTree = "<group>"; };
		D2FA27AC22492107001F11FF /* Base */ = {isa = PBXFileReference; lastKnownFileType = file.storyboard; name = Base; path = Base.lproj/LaunchScreen.storyboard; sourceTree = "<group>"; };
		D2FA27AE22492107001F11FF /* Info.plist */ = {isa = PBXFileReference; lastKnownFileType = text.plist.xml; path = Info.plist; sourceTree = "<group>"; };
		FDFBCB334C19EE4A85AE94F5 /* Pods_CocoaPodsVerification.framework */ = {isa = PBXFileReference; explicitFileType = wrapper.framework; includeInIndex = 0; path = Pods_CocoaPodsVerification.framework; sourceTree = BUILT_PRODUCTS_DIR; };
/* End PBXFileReference section */

/* Begin PBXFrameworksBuildPhase section */
		D2FA279C22492105001F11FF /* Frameworks */ = {
			isa = PBXFrameworksBuildPhase;
			buildActionMask = 2147483647;
			files = (
				233BF1F95DEC65ECE2B10A66 /* Pods_CocoaPodsVerification.framework in Frameworks */,
			);
			runOnlyForDeploymentPostprocessing = 0;
		};
/* End PBXFrameworksBuildPhase section */

/* Begin PBXGroup section */
		48A11AF0B76B1217714F3FA5 /* Pods */ = {
			isa = PBXGroup;
			children = (
				46D1E5416D657627F7E575B3 /* Pods-CocoaPodsVerification.debug.xcconfig */,
				B744F2E996658443BF0ACA87 /* Pods-CocoaPodsVerification.release.xcconfig */,
			);
			name = Pods;
			path = Pods;
			sourceTree = "<group>";
		};
		D2FA279622492105001F11FF = {
			isa = PBXGroup;
			children = (
				D2FA27A122492105001F11FF /* CocoaPodsVerification */,
				D2FA27A022492105001F11FF /* Products */,
				48A11AF0B76B1217714F3FA5 /* Pods */,
				D43E49CCEF1475D5E56CB3EC /* Frameworks */,
			);
			sourceTree = "<group>";
		};
		D2FA27A022492105001F11FF /* Products */ = {
			isa = PBXGroup;
			children = (
				D2FA279F22492105001F11FF /* CocoaPodsVerification.app */,
			);
			name = Products;
			sourceTree = "<group>";
		};
		D2FA27A122492105001F11FF /* CocoaPodsVerification */ = {
			isa = PBXGroup;
			children = (
				D2FA27A222492105001F11FF /* AppDelegate.swift */,
				D2FA27A422492105001F11FF /* ViewController.swift */,
				D2FA27A622492105001F11FF /* Main.storyboard */,
				D2FA27A922492107001F11FF /* Assets.xcassets */,
				D2FA27AB22492107001F11FF /* LaunchScreen.storyboard */,
				D2FA27AE22492107001F11FF /* Info.plist */,
			);
			path = CocoaPodsVerification;
			sourceTree = "<group>";
		};
		D43E49CCEF1475D5E56CB3EC /* Frameworks */ = {
			isa = PBXGroup;
			children = (
				FDFBCB334C19EE4A85AE94F5 /* Pods_CocoaPodsVerification.framework */,
			);
			name = Frameworks;
			sourceTree = "<group>";
		};
/* End PBXGroup section */

/* Begin PBXNativeTarget section */
		D2FA279E22492105001F11FF /* CocoaPodsVerification */ = {
			isa = PBXNativeTarget;
			buildConfigurationList = D2FA27B122492107001F11FF /* Build configuration list for PBXNativeTarget "CocoaPodsVerification" */;
			buildPhases = (
				349A8AA29ECA96D2563D9698 /* [CP] Check Pods Manifest.lock */,
				D2FA279B22492105001F11FF /* Sources */,
				D2FA279C22492105001F11FF /* Frameworks */,
				D2FA279D22492105001F11FF /* Resources */,
				377B1E996FC87A4A5E909E8A /* [CP] Embed Pods Frameworks */,
			);
			buildRules = (
			);
			dependencies = (
			);
			name = CocoaPodsVerification;
			productName = CocoaPodsVerification;
			productReference = D2FA279F22492105001F11FF /* CocoaPodsVerification.app */;
			productType = "com.apple.product-type.application";
		};
/* End PBXNativeTarget section */

/* Begin PBXProject section */
		D2FA279722492105001F11FF /* Project object */ = {
			isa = PBXProject;
			attributes = {
				LastSwiftUpdateCheck = 1010;
				LastUpgradeCheck = 1010;
				ORGANIZATIONNAME = DeviceKit;
				TargetAttributes = {
					D2FA279E22492105001F11FF = {
						CreatedOnToolsVersion = 10.1;
					};
				};
			};
			buildConfigurationList = D2FA279A22492105001F11FF /* Build configuration list for PBXProject "CocoaPodsVerification" */;
			compatibilityVersion = "Xcode 9.3";
			developmentRegion = en;
			hasScannedForEncodings = 0;
			knownRegions = (
				en,
				Base,
			);
			mainGroup = D2FA279622492105001F11FF;
			productRefGroup = D2FA27A022492105001F11FF /* Products */;
			projectDirPath = "";
			projectRoot = "";
			targets = (
				D2FA279E22492105001F11FF /* CocoaPodsVerification */,
			);
		};
/* End PBXProject section */

/* Begin PBXResourcesBuildPhase section */
		D2FA279D22492105001F11FF /* Resources */ = {
			isa = PBXResourcesBuildPhase;
			buildActionMask = 2147483647;
			files = (
				D2FA27AD22492107001F11FF /* LaunchScreen.storyboard in Resources */,
				D2FA27AA22492107001F11FF /* Assets.xcassets in Resources */,
				D2FA27A822492105001F11FF /* Main.storyboard in Resources */,
			);
			runOnlyForDeploymentPostprocessing = 0;
		};
/* End PBXResourcesBuildPhase section */

/* Begin PBXShellScriptBuildPhase section */
		349A8AA29ECA96D2563D9698 /* [CP] Check Pods Manifest.lock */ = {
			isa = PBXShellScriptBuildPhase;
			buildActionMask = 2147483647;
			files = (
			);
			inputFileListPaths = (
			);
			inputPaths = (
				"${PODS_PODFILE_DIR_PATH}/Podfile.lock",
				"${PODS_ROOT}/Manifest.lock",
			);
			name = "[CP] Check Pods Manifest.lock";
			outputFileListPaths = (
			);
			outputPaths = (
				"$(DERIVED_FILE_DIR)/Pods-CocoaPodsVerification-checkManifestLockResult.txt",
			);
			runOnlyForDeploymentPostprocessing = 0;
			shellPath = /bin/sh;
			shellScript = "diff \"${PODS_PODFILE_DIR_PATH}/Podfile.lock\" \"${PODS_ROOT}/Manifest.lock\" > /dev/null\nif [ $? != 0 ] ; then\n    # print error to STDERR\n    echo \"error: The sandbox is not in sync with the Podfile.lock. Run 'pod install' or update your CocoaPods installation.\" >&2\n    exit 1\nfi\n# This output is used by Xcode 'outputs' to avoid re-running this script phase.\necho \"SUCCESS\" > \"${SCRIPT_OUTPUT_FILE_0}\"\n";
			showEnvVarsInLog = 0;
		};
		377B1E996FC87A4A5E909E8A /* [CP] Embed Pods Frameworks */ = {
			isa = PBXShellScriptBuildPhase;
			buildActionMask = 2147483647;
			files = (
			);
			inputFileListPaths = (
			);
			inputPaths = (
				"${PODS_ROOT}/Target Support Files/Pods-CocoaPodsVerification/Pods-CocoaPodsVerification-frameworks.sh",
				"${BUILT_PRODUCTS_DIR}/DeviceKit/DeviceKit.framework",
			);
			name = "[CP] Embed Pods Frameworks";
			outputFileListPaths = (
			);
			outputPaths = (
				"${TARGET_BUILD_DIR}/${FRAMEWORKS_FOLDER_PATH}/DeviceKit.framework",
			);
			runOnlyForDeploymentPostprocessing = 0;
			shellPath = /bin/sh;
			shellScript = "\"${PODS_ROOT}/Target Support Files/Pods-CocoaPodsVerification/Pods-CocoaPodsVerification-frameworks.sh\"\n";
			showEnvVarsInLog = 0;
		};
/* End PBXShellScriptBuildPhase section */

/* Begin PBXSourcesBuildPhase section */
		D2FA279B22492105001F11FF /* Sources */ = {
			isa = PBXSourcesBuildPhase;
			buildActionMask = 2147483647;
			files = (
				D2FA27A522492105001F11FF /* ViewController.swift in Sources */,
				D2FA27A322492105001F11FF /* AppDelegate.swift in Sources */,
			);
			runOnlyForDeploymentPostprocessing = 0;
		};
/* End PBXSourcesBuildPhase section */

/* Begin PBXVariantGroup section */
		D2FA27A622492105001F11FF /* Main.storyboard */ = {
			isa = PBXVariantGroup;
			children = (
				D2FA27A722492105001F11FF /* Base */,
			);
			name = Main.storyboard;
			sourceTree = "<group>";
		};
		D2FA27AB22492107001F11FF /* LaunchScreen.storyboard */ = {
			isa = PBXVariantGroup;
			children = (
				D2FA27AC22492107001F11FF /* Base */,
			);
			name = LaunchScreen.storyboard;
			sourceTree = "<group>";
		};
/* End PBXVariantGroup section */

/* Begin XCBuildConfiguration section */
		D2FA27AF22492107001F11FF /* Debug */ = {
			isa = XCBuildConfiguration;
			buildSettings = {
				ALWAYS_SEARCH_USER_PATHS = NO;
				CLANG_ANALYZER_NONNULL = YES;
				CLANG_ANALYZER_NUMBER_OBJECT_CONVERSION = YES_AGGRESSIVE;
				CLANG_CXX_LANGUAGE_STANDARD = "gnu++14";
				CLANG_CXX_LIBRARY = "libc++";
				CLANG_ENABLE_MODULES = YES;
				CLANG_ENABLE_OBJC_ARC = YES;
				CLANG_ENABLE_OBJC_WEAK = YES;
				CLANG_WARN_BLOCK_CAPTURE_AUTORELEASING = YES;
				CLANG_WARN_BOOL_CONVERSION = YES;
				CLANG_WARN_COMMA = YES;
				CLANG_WARN_CONSTANT_CONVERSION = YES;
				CLANG_WARN_DEPRECATED_OBJC_IMPLEMENTATIONS = YES;
				CLANG_WARN_DIRECT_OBJC_ISA_USAGE = YES_ERROR;
				CLANG_WARN_DOCUMENTATION_COMMENTS = YES;
				CLANG_WARN_EMPTY_BODY = YES;
				CLANG_WARN_ENUM_CONVERSION = YES;
				CLANG_WARN_INFINITE_RECURSION = YES;
				CLANG_WARN_INT_CONVERSION = YES;
				CLANG_WARN_NON_LITERAL_NULL_CONVERSION = YES;
				CLANG_WARN_OBJC_IMPLICIT_RETAIN_SELF = YES;
				CLANG_WARN_OBJC_LITERAL_CONVERSION = YES;
				CLANG_WARN_OBJC_ROOT_CLASS = YES_ERROR;
				CLANG_WARN_RANGE_LOOP_ANALYSIS = YES;
				CLANG_WARN_STRICT_PROTOTYPES = YES;
				CLANG_WARN_SUSPICIOUS_MOVE = YES;
				CLANG_WARN_UNGUARDED_AVAILABILITY = YES_AGGRESSIVE;
				CLANG_WARN_UNREACHABLE_CODE = YES;
				CLANG_WARN__DUPLICATE_METHOD_MATCH = YES;
				CODE_SIGN_IDENTITY = "iPhone Developer";
				COPY_PHASE_STRIP = NO;
				DEBUG_INFORMATION_FORMAT = dwarf;
				ENABLE_STRICT_OBJC_MSGSEND = YES;
				ENABLE_TESTABILITY = YES;
				GCC_C_LANGUAGE_STANDARD = gnu11;
				GCC_DYNAMIC_NO_PIC = NO;
				GCC_NO_COMMON_BLOCKS = YES;
				GCC_OPTIMIZATION_LEVEL = 0;
				GCC_PREPROCESSOR_DEFINITIONS = (
					"DEBUG=1",
					"$(inherited)",
				);
				GCC_WARN_64_TO_32_BIT_CONVERSION = YES;
				GCC_WARN_ABOUT_RETURN_TYPE = YES_ERROR;
				GCC_WARN_UNDECLARED_SELECTOR = YES;
				GCC_WARN_UNINITIALIZED_AUTOS = YES_AGGRESSIVE;
				GCC_WARN_UNUSED_FUNCTION = YES;
				GCC_WARN_UNUSED_VARIABLE = YES;
				IPHONEOS_DEPLOYMENT_TARGET = 12.1;
				MTL_ENABLE_DEBUG_INFO = INCLUDE_SOURCE;
				MTL_FAST_MATH = YES;
				ONLY_ACTIVE_ARCH = YES;
				SDKROOT = iphoneos;
				SWIFT_ACTIVE_COMPILATION_CONDITIONS = DEBUG;
				SWIFT_OPTIMIZATION_LEVEL = "-Onone";
			};
			name = Debug;
		};
		D2FA27B022492107001F11FF /* Release */ = {
			isa = XCBuildConfiguration;
			buildSettings = {
				ALWAYS_SEARCH_USER_PATHS = NO;
				CLANG_ANALYZER_NONNULL = YES;
				CLANG_ANALYZER_NUMBER_OBJECT_CONVERSION = YES_AGGRESSIVE;
				CLANG_CXX_LANGUAGE_STANDARD = "gnu++14";
				CLANG_CXX_LIBRARY = "libc++";
				CLANG_ENABLE_MODULES = YES;
				CLANG_ENABLE_OBJC_ARC = YES;
				CLANG_ENABLE_OBJC_WEAK = YES;
				CLANG_WARN_BLOCK_CAPTURE_AUTORELEASING = YES;
				CLANG_WARN_BOOL_CONVERSION = YES;
				CLANG_WARN_COMMA = YES;
				CLANG_WARN_CONSTANT_CONVERSION = YES;
				CLANG_WARN_DEPRECATED_OBJC_IMPLEMENTATIONS = YES;
				CLANG_WARN_DIRECT_OBJC_ISA_USAGE = YES_ERROR;
				CLANG_WARN_DOCUMENTATION_COMMENTS = YES;
				CLANG_WARN_EMPTY_BODY = YES;
				CLANG_WARN_ENUM_CONVERSION = YES;
				CLANG_WARN_INFINITE_RECURSION = YES;
				CLANG_WARN_INT_CONVERSION = YES;
				CLANG_WARN_NON_LITERAL_NULL_CONVERSION = YES;
				CLANG_WARN_OBJC_IMPLICIT_RETAIN_SELF = YES;
				CLANG_WARN_OBJC_LITERAL_CONVERSION = YES;
				CLANG_WARN_OBJC_ROOT_CLASS = YES_ERROR;
				CLANG_WARN_RANGE_LOOP_ANALYSIS = YES;
				CLANG_WARN_STRICT_PROTOTYPES = YES;
				CLANG_WARN_SUSPICIOUS_MOVE = YES;
				CLANG_WARN_UNGUARDED_AVAILABILITY = YES_AGGRESSIVE;
				CLANG_WARN_UNREACHABLE_CODE = YES;
				CLANG_WARN__DUPLICATE_METHOD_MATCH = YES;
				CODE_SIGN_IDENTITY = "iPhone Developer";
				COPY_PHASE_STRIP = NO;
				DEBUG_INFORMATION_FORMAT = "dwarf-with-dsym";
				ENABLE_NS_ASSERTIONS = NO;
				ENABLE_STRICT_OBJC_MSGSEND = YES;
				GCC_C_LANGUAGE_STANDARD = gnu11;
				GCC_NO_COMMON_BLOCKS = YES;
				GCC_WARN_64_TO_32_BIT_CONVERSION = YES;
				GCC_WARN_ABOUT_RETURN_TYPE = YES_ERROR;
				GCC_WARN_UNDECLARED_SELECTOR = YES;
				GCC_WARN_UNINITIALIZED_AUTOS = YES_AGGRESSIVE;
				GCC_WARN_UNUSED_FUNCTION = YES;
				GCC_WARN_UNUSED_VARIABLE = YES;
				IPHONEOS_DEPLOYMENT_TARGET = 12.1;
				MTL_ENABLE_DEBUG_INFO = NO;
				MTL_FAST_MATH = YES;
				SDKROOT = iphoneos;
				SWIFT_COMPILATION_MODE = wholemodule;
				SWIFT_OPTIMIZATION_LEVEL = "-O";
				VALIDATE_PRODUCT = YES;
			};
			name = Release;
		};
		D2FA27B222492107001F11FF /* Debug */ = {
			isa = XCBuildConfiguration;
			baseConfigurationReference = 46D1E5416D657627F7E575B3 /* Pods-CocoaPodsVerification.debug.xcconfig */;
			buildSettings = {
				ASSETCATALOG_COMPILER_APPICON_NAME = AppIcon;
				CODE_SIGN_STYLE = Automatic;
				INFOPLIST_FILE = CocoaPodsVerification/Info.plist;
				LD_RUNPATH_SEARCH_PATHS = (
					"$(inherited)",
					"@executable_path/Frameworks",
				);
				PRODUCT_BUNDLE_IDENTIFIER = org.devicekit.CocoaPodsVerification;
				PRODUCT_NAME = "$(TARGET_NAME)";
				SWIFT_VERSION = 4.2;
				TARGETED_DEVICE_FAMILY = "1,2";
			};
			name = Debug;
		};
		D2FA27B322492107001F11FF /* Release */ = {
			isa = XCBuildConfiguration;
			baseConfigurationReference = B744F2E996658443BF0ACA87 /* Pods-CocoaPodsVerification.release.xcconfig */;
			buildSettings = {
				ASSETCATALOG_COMPILER_APPICON_NAME = AppIcon;
				CODE_SIGN_STYLE = Automatic;
				INFOPLIST_FILE = CocoaPodsVerification/Info.plist;
				LD_RUNPATH_SEARCH_PATHS = (
					"$(inherited)",
					"@executable_path/Frameworks",
				);
				PRODUCT_BUNDLE_IDENTIFIER = org.devicekit.CocoaPodsVerification;
				PRODUCT_NAME = "$(TARGET_NAME)";
				SWIFT_VERSION = 4.2;
				TARGETED_DEVICE_FAMILY = "1,2";
			};
			name = Release;
		};
/* End XCBuildConfiguration section */

/* Begin XCConfigurationList section */
		D2FA279A22492105001F11FF /* Build configuration list for PBXProject "CocoaPodsVerification" */ = {
			isa = XCConfigurationList;
			buildConfigurations = (
				D2FA27AF22492107001F11FF /* Debug */,
				D2FA27B022492107001F11FF /* Release */,
			);
			defaultConfigurationIsVisible = 0;
			defaultConfigurationName = Release;
		};
		D2FA27B122492107001F11FF /* Build configuration list for PBXNativeTarget "CocoaPodsVerification" */ = {
			isa = XCConfigurationList;
			buildConfigurations = (
				D2FA27B222492107001F11FF /* Debug */,
				D2FA27B322492107001F11FF /* Release */,
			);
			defaultConfigurationIsVisible = 0;
			defaultConfigurationName = Release;
		};
/* End XCConfigurationList section */
	};
	rootObject = D2FA279722492105001F11FF /* Project object */;
}
